<?xml version="1.0" encoding="utf-8"?>
<Project ToolsVersion="4.0" xmlns="http://schemas.microsoft.com/developer/msbuild/2003">
  <ItemGroup>
    <Filter Include="test">
      <UniqueIdentifier>{04efe3ae-1b81-4aac-bda6-140478b235c1}</UniqueIdentifier>
    </Filter>
    <Filter Include="string-format">
      <UniqueIdentifier>{f0201510-f977-424f-9d8d-69286421bc3e}</UniqueIdentifier>
    </Filter>
    <Filter Include="extern">
      <UniqueIdentifier>{3285d4f9-4ae7-4050-b272-448f20e97ab2}</UniqueIdentifier>
    </Filter>
    <Filter Include="parser">
      <UniqueIdentifier>{9457b751-5ae1-4f42-ae85-aa8f6392ed24}</UniqueIdentifier>
    </Filter>
  </ItemGroup>
  <ItemGroup>
    <ClCompile Include="test\test-main.cpp">
      <Filter>test</Filter>
    </ClCompile>
    <ClCompile Include="test\korean-grammar-test.cpp">
      <Filter>test</Filter>
    </ClCompile>
    <ClCompile Include="test\english-grammar-test.cpp">
      <Filter>test</Filter>
    </ClCompile>
    <ClCompile Include="test\basic-test.cpp">
      <Filter>test</Filter>
    </ClCompile>
    <ClCompile Include="src\dictionary.cpp">
      <Filter>string-format</Filter>
    </ClCompile>
    <ClCompile Include="src\string-format.cpp">
      <Filter>string-format</Filter>
    </ClCompile>
    <ClCompile Include="src\arguments.cpp">
      <Filter>string-format</Filter>
    </ClCompile>
    <ClCompile Include="src\FSContext.cpp">
      <Filter>parser</Filter>
    </ClCompile>
    <ClCompile Include="src\FSFsm.cpp">
      <Filter>parser</Filter>
    </ClCompile>
  </ItemGroup>
  <ItemGroup>
    <ClInclude Include="extern\catch.hpp">
      <Filter>extern</Filter>
    </ClInclude>
    <ClInclude Include="src\dictionary.h">
      <Filter>string-format</Filter>
    </ClInclude>
    <ClInclude Include="src\arguments.h">
      <Filter>string-format</Filter>
    </ClInclude>
    <ClInclude Include="src\string-format.h">
      <Filter>string-format</Filter>
    </ClInclude>
    <ClInclude Include="src\FSContext.h">
      <Filter>parser</Filter>
    </ClInclude>
    <ClInclude Include="src\FSFsm.h">
      <Filter>parser</Filter>
    </ClInclude>
  </ItemGroup>
</Project>